
Microsoft Visual Studio Solution File, Format Version 12.00
# Visual Studio Version 17
VisualStudioVersion = 17.0.31903.59
MinimumVisualStudioVersion = 10.0.40219.1
Project("{2150E333-8FDC-42A3-9474-1A3956D46DE8}") = "Services", "Services", "{7226EDBE-FC1D-4C22-B3F4-DF897EB302C0}"
EndProject
Project("{2150E333-8FDC-42A3-9474-1A3956D46DE8}") = "Solution Items", "Solution Items", "{073CE027-0B3A-4FEC-83E9-ED2991935621}"
	ProjectSection(SolutionItems) = preProject
		..\.gitignore = ..\.gitignore
		..\README.md = ..\README.md
	EndProjectSection
EndProject
Project("{2150E333-8FDC-42A3-9474-1A3956D46DE8}") = "Frontend", "Frontend", "{3835F960-AAFC-43A6-91A5-C4E0B127CEF6}"
EndProject
Project("{54A90642-561A-4BB1-A94E-469ADEE60C69}") = "Folks.MobileClient", "Frontend\Folks.MobileClient\Folks.MobileClient.esproj", "{396ABFB3-2CB5-417D-B118-83A857FED868}"
EndProject
Project("{2150E333-8FDC-42A3-9474-1A3956D46DE8}") = "ApiGateways", "ApiGateways", "{37A0D9FF-222E-4CAD-B2A1-9B3ADCDAEB64}"
EndProject
Project("{2150E333-8FDC-42A3-9474-1A3956D46DE8}") = "Chat", "Chat", "{0BF85D02-C12F-4E4A-B2CE-FAA506C8B532}"
EndProject
Project("{FAE04EC0-301F-11D3-BF4B-00C04F79EFBC}") = "Folks.ChatService.Api", "Services\Chat\Folks.ChatService.Api\Folks.ChatService.Api.csproj", "{DC571A67-110E-40B3-9BF2-7515DC01C181}"
EndProject
Global
	GlobalSection(SolutionConfigurationPlatforms) = preSolution
		Debug|Any CPU = Debug|Any CPU
		Release|Any CPU = Release|Any CPU
	EndGlobalSection
	GlobalSection(ProjectConfigurationPlatforms) = postSolution
		{396ABFB3-2CB5-417D-B118-83A857FED868}.Debug|Any CPU.ActiveCfg = Debug|Any CPU
		{396ABFB3-2CB5-417D-B118-83A857FED868}.Debug|Any CPU.Build.0 = Debug|Any CPU
		{396ABFB3-2CB5-417D-B118-83A857FED868}.Debug|Any CPU.Deploy.0 = Debug|Any CPU
		{396ABFB3-2CB5-417D-B118-83A857FED868}.Release|Any CPU.ActiveCfg = Release|Any CPU
		{396ABFB3-2CB5-417D-B118-83A857FED868}.Release|Any CPU.Build.0 = Release|Any CPU
		{396ABFB3-2CB5-417D-B118-83A857FED868}.Release|Any CPU.Deploy.0 = Release|Any CPU
		{DC571A67-110E-40B3-9BF2-7515DC01C181}.Debug|Any CPU.ActiveCfg = Debug|Any CPU
		{DC571A67-110E-40B3-9BF2-7515DC01C181}.Debug|Any CPU.Build.0 = Debug|Any CPU
		{DC571A67-110E-40B3-9BF2-7515DC01C181}.Release|Any CPU.ActiveCfg = Release|Any CPU
		{DC571A67-110E-40B3-9BF2-7515DC01C181}.Release|Any CPU.Build.0 = Release|Any CPU
	EndGlobalSection
	GlobalSection(SolutionProperties) = preSolution
		HideSolutionNode = FALSE
	EndGlobalSection
	GlobalSection(NestedProjects) = preSolution
		{396ABFB3-2CB5-417D-B118-83A857FED868} = {3835F960-AAFC-43A6-91A5-C4E0B127CEF6}
		{0BF85D02-C12F-4E4A-B2CE-FAA506C8B532} = {7226EDBE-FC1D-4C22-B3F4-DF897EB302C0}
		{DC571A67-110E-40B3-9BF2-7515DC01C181} = {0BF85D02-C12F-4E4A-B2CE-FAA506C8B532}
	EndGlobalSection
	GlobalSection(ExtensibilityGlobals) = postSolution
		SolutionGuid = {3505674B-EFAB-48B2-BC36-7E190A9095D4}
	EndGlobalSection
EndGlobal
